
Microsoft Visual Studio Solution File, Format Version 12.00
# Visual Studio Version 16
VisualStudioVersion = 16.0.29230.47
MinimumVisualStudioVersion = 10.0.40219.1
Project("{9A19103F-16F7-4668-BE54-9A1E7A4F7556}") = "Calc_Ohm_V1", "Calc_Ohm_V1.csproj", "{EDED508F-E7E8-4D05-BCBB-240368F52CA4}"
EndProject
Project("{54435603-DBB4-11D2-8724-00A0C9A8B90C}") = "Calculadora_Ohm", "..\Instalador_Calculadora_ohm\Calculadora_Ohm\Calculadora_Ohm.vdproj", "{54ABF996-EF71-4D21-9CF6-ACE2BB78D991}"
EndProject
Global
	GlobalSection(SolutionConfigurationPlatforms) = preSolution
		Debug|Any CPU = Debug|Any CPU
		Debug|x86 = Debug|x86
		Release|Any CPU = Release|Any CPU
		Release|x86 = Release|x86
	EndGlobalSection
	GlobalSection(ProjectConfigurationPlatforms) = postSolution
		{EDED508F-E7E8-4D05-BCBB-240368F52CA4}.Debug|Any CPU.ActiveCfg = Debug|Any CPU
		{EDED508F-E7E8-4D05-BCBB-240368F52CA4}.Debug|Any CPU.Build.0 = Debug|Any CPU
		{EDED508F-E7E8-4D05-BCBB-240368F52CA4}.Debug|x86.ActiveCfg = Debug|x86
		{EDED508F-E7E8-4D05-BCBB-240368F52CA4}.Debug|x86.Build.0 = Debug|x86
		{EDED508F-E7E8-4D05-BCBB-240368F52CA4}.Release|Any CPU.ActiveCfg = Release|Any CPU
		{EDED508F-E7E8-4D05-BCBB-240368F52CA4}.Release|Any CPU.Build.0 = Release|Any CPU
		{EDED508F-E7E8-4D05-BCBB-240368F52CA4}.Release|x86.ActiveCfg = Release|x86
		{EDED508F-E7E8-4D05-BCBB-240368F52CA4}.Release|x86.Build.0 = Release|x86
		{54ABF996-EF71-4D21-9CF6-ACE2BB78D991}.Debug|Any CPU.ActiveCfg = Debug
		{54ABF996-EF71-4D21-9CF6-ACE2BB78D991}.Debug|x86.ActiveCfg = Debug
		{54ABF996-EF71-4D21-9CF6-ACE2BB78D991}.Release|Any CPU.ActiveCfg = Release
		{54ABF996-EF71-4D21-9CF6-ACE2BB78D991}.Release|x86.ActiveCfg = Release
	EndGlobalSection
	GlobalSection(SolutionProperties) = preSolution
		HideSolutionNode = FALSE
	EndGlobalSection
	GlobalSection(ExtensibilityGlobals) = postSolution
		SolutionGuid = {6CD03A9A-264B-436E-ADAC-755443A2C8DA}
	EndGlobalSection
EndGlobal
